
Microsoft Visual Studio Solution File, Format Version 12.00
# Visual Studio Version 17
VisualStudioVersion = 17.5.002.0
MinimumVisualStudioVersion = 10.0.40219.1
Project("{9A19103F-16F7-4668-BE54-9A1E7A4F7556}") = "Lesson1", "Lesson1\Lesson1.csproj", "{03098183-B618-4327-B79A-329682C691A0}"
EndProject
Project("{9A19103F-16F7-4668-BE54-9A1E7A4F7556}") = "Lesson1-2", "Lesson1-2\Lesson1-2.csproj", "{DC034F62-B5DB-4317-9E43-75F95E87FE52}"
EndProject
Project("{9A19103F-16F7-4668-BE54-9A1E7A4F7556}") = "Lesson1-3", "Lesson1-3\Lesson1-3.csproj", "{33743170-9775-4777-97AF-E127467DED53}"
EndProject
Project("{9A19103F-16F7-4668-BE54-9A1E7A4F7556}") = "Lesson1-4", "Lesson1-4\Lesson1-4.csproj", "{0618C0AC-77D3-4845-B0D7-964A4F1D2E05}"
EndProject
Project("{9A19103F-16F7-4668-BE54-9A1E7A4F7556}") = "Lesson1-5", "Lesson1-5\Lesson1-5.csproj", "{9F2B5E86-A452-4C46-A96D-9930230348AE}"
EndProject
Project("{9A19103F-16F7-4668-BE54-9A1E7A4F7556}") = "Lesson1-6", "Lesson1-6\Lesson1-6.csproj", "{A0847F79-D196-44ED-8FDE-F7E3CBFE4144}"
EndProject
Project("{9A19103F-16F7-4668-BE54-9A1E7A4F7556}") = "Lesson1-7", "Lesson1-7\Lesson1-7.csproj", "{BEAC51F9-7572-47AA-B859-DD79F0D67D4B}"
EndProject
Project("{9A19103F-16F7-4668-BE54-9A1E7A4F7556}") = "Lesson2-1", "Lesson2-1\Lesson2-1.csproj", "{77D8CFA8-E51A-41C7-905B-048E7B74C631}"
EndProject
Project("{9A19103F-16F7-4668-BE54-9A1E7A4F7556}") = "Lesson2-2", "Lesson2-2\Lesson2-2.csproj", "{DD55887F-9A8D-442E-888C-73093B1ECD58}"
EndProject
Project("{9A19103F-16F7-4668-BE54-9A1E7A4F7556}") = "Seminar1-0", "Seminar1-0\Seminar1-0.csproj", "{1049540E-67B8-4EE6-988F-97C20884409E}"
EndProject
Project("{9A19103F-16F7-4668-BE54-9A1E7A4F7556}") = "Seminar1-task1", "Seminar1-task1\Seminar1-task1.csproj", "{8116DE87-EB39-408A-9A66-113E984579A3}"
EndProject
Project("{9A19103F-16F7-4668-BE54-9A1E7A4F7556}") = "Seminar1-task2", "Seminar1-task2\Seminar1-task2.csproj", "{F7F5DF2F-CF1E-4C2A-8A10-ABB1708E00AA}"
EndProject
Project("{9A19103F-16F7-4668-BE54-9A1E7A4F7556}") = "Seminar1-task3", "Seminar1-task3\Seminar1-task3.csproj", "{D078649E-93BB-4D26-8792-2986A4A57A2A}"
EndProject
Project("{9A19103F-16F7-4668-BE54-9A1E7A4F7556}") = "Seminar1-task4", "Seminar1-task4\Seminar1-task4.csproj", "{AC397F4C-588D-4B42-B7A6-E38345D4405D}"
EndProject
Project("{9A19103F-16F7-4668-BE54-9A1E7A4F7556}") = "Seminar2", "Seminar2\Seminar2.csproj", "{A3AFA0FD-CFE1-484E-87C8-381D24B62C9D}"
EndProject
Project("{9A19103F-16F7-4668-BE54-9A1E7A4F7556}") = "Seminar2-2", "Seminar2-2\Seminar2-2.csproj", "{82B2D3CA-8E05-4604-927B-4992C81233F7}"
EndProject
Project("{9A19103F-16F7-4668-BE54-9A1E7A4F7556}") = "Seminar2-3", "Seminar2-3\Seminar2-3.csproj", "{3CD5BCEC-7FB8-4106-BEFD-176E772B2A0B}"
EndProject
Project("{9A19103F-16F7-4668-BE54-9A1E7A4F7556}") = "Seminar2-4", "Seminar2-4\Seminar2-4.csproj", "{B0AF2ED4-EE90-40C5-B265-836D6A9CEDB0}"
EndProject
Project("{9A19103F-16F7-4668-BE54-9A1E7A4F7556}") = "Seminar2-5", "Seminar2-5\Seminar2-5.csproj", "{A0D37D5B-86B7-4481-A4AC-1EB4BA693BC5}"
EndProject
Global
	GlobalSection(SolutionConfigurationPlatforms) = preSolution
		Debug|Any CPU = Debug|Any CPU
		Release|Any CPU = Release|Any CPU
	EndGlobalSection
	GlobalSection(ProjectConfigurationPlatforms) = postSolution
		{03098183-B618-4327-B79A-329682C691A0}.Debug|Any CPU.ActiveCfg = Debug|Any CPU
		{03098183-B618-4327-B79A-329682C691A0}.Debug|Any CPU.Build.0 = Debug|Any CPU
		{03098183-B618-4327-B79A-329682C691A0}.Release|Any CPU.ActiveCfg = Release|Any CPU
		{03098183-B618-4327-B79A-329682C691A0}.Release|Any CPU.Build.0 = Release|Any CPU
		{DC034F62-B5DB-4317-9E43-75F95E87FE52}.Debug|Any CPU.ActiveCfg = Debug|Any CPU
		{DC034F62-B5DB-4317-9E43-75F95E87FE52}.Debug|Any CPU.Build.0 = Debug|Any CPU
		{DC034F62-B5DB-4317-9E43-75F95E87FE52}.Release|Any CPU.ActiveCfg = Release|Any CPU
		{DC034F62-B5DB-4317-9E43-75F95E87FE52}.Release|Any CPU.Build.0 = Release|Any CPU
		{33743170-9775-4777-97AF-E127467DED53}.Debug|Any CPU.ActiveCfg = Debug|Any CPU
		{33743170-9775-4777-97AF-E127467DED53}.Debug|Any CPU.Build.0 = Debug|Any CPU
		{33743170-9775-4777-97AF-E127467DED53}.Release|Any CPU.ActiveCfg = Release|Any CPU
		{33743170-9775-4777-97AF-E127467DED53}.Release|Any CPU.Build.0 = Release|Any CPU
		{0618C0AC-77D3-4845-B0D7-964A4F1D2E05}.Debug|Any CPU.ActiveCfg = Debug|Any CPU
		{0618C0AC-77D3-4845-B0D7-964A4F1D2E05}.Debug|Any CPU.Build.0 = Debug|Any CPU
		{0618C0AC-77D3-4845-B0D7-964A4F1D2E05}.Release|Any CPU.ActiveCfg = Release|Any CPU
		{0618C0AC-77D3-4845-B0D7-964A4F1D2E05}.Release|Any CPU.Build.0 = Release|Any CPU
		{9F2B5E86-A452-4C46-A96D-9930230348AE}.Debug|Any CPU.ActiveCfg = Debug|Any CPU
		{9F2B5E86-A452-4C46-A96D-9930230348AE}.Debug|Any CPU.Build.0 = Debug|Any CPU
		{9F2B5E86-A452-4C46-A96D-9930230348AE}.Release|Any CPU.ActiveCfg = Release|Any CPU
		{9F2B5E86-A452-4C46-A96D-9930230348AE}.Release|Any CPU.Build.0 = Release|Any CPU
		{A0847F79-D196-44ED-8FDE-F7E3CBFE4144}.Debug|Any CPU.ActiveCfg = Debug|Any CPU
		{A0847F79-D196-44ED-8FDE-F7E3CBFE4144}.Debug|Any CPU.Build.0 = Debug|Any CPU
		{A0847F79-D196-44ED-8FDE-F7E3CBFE4144}.Release|Any CPU.ActiveCfg = Release|Any CPU
		{A0847F79-D196-44ED-8FDE-F7E3CBFE4144}.Release|Any CPU.Build.0 = Release|Any CPU
		{BEAC51F9-7572-47AA-B859-DD79F0D67D4B}.Debug|Any CPU.ActiveCfg = Debug|Any CPU
		{BEAC51F9-7572-47AA-B859-DD79F0D67D4B}.Debug|Any CPU.Build.0 = Debug|Any CPU
		{BEAC51F9-7572-47AA-B859-DD79F0D67D4B}.Release|Any CPU.ActiveCfg = Release|Any CPU
		{BEAC51F9-7572-47AA-B859-DD79F0D67D4B}.Release|Any CPU.Build.0 = Release|Any CPU
		{77D8CFA8-E51A-41C7-905B-048E7B74C631}.Debug|Any CPU.ActiveCfg = Debug|Any CPU
		{77D8CFA8-E51A-41C7-905B-048E7B74C631}.Debug|Any CPU.Build.0 = Debug|Any CPU
		{77D8CFA8-E51A-41C7-905B-048E7B74C631}.Release|Any CPU.ActiveCfg = Release|Any CPU
		{77D8CFA8-E51A-41C7-905B-048E7B74C631}.Release|Any CPU.Build.0 = Release|Any CPU
		{DD55887F-9A8D-442E-888C-73093B1ECD58}.Debug|Any CPU.ActiveCfg = Debug|Any CPU
		{DD55887F-9A8D-442E-888C-73093B1ECD58}.Debug|Any CPU.Build.0 = Debug|Any CPU
		{DD55887F-9A8D-442E-888C-73093B1ECD58}.Release|Any CPU.ActiveCfg = Release|Any CPU
		{DD55887F-9A8D-442E-888C-73093B1ECD58}.Release|Any CPU.Build.0 = Release|Any CPU
		{1049540E-67B8-4EE6-988F-97C20884409E}.Debug|Any CPU.ActiveCfg = Debug|Any CPU
		{1049540E-67B8-4EE6-988F-97C20884409E}.Debug|Any CPU.Build.0 = Debug|Any CPU
		{1049540E-67B8-4EE6-988F-97C20884409E}.Release|Any CPU.ActiveCfg = Release|Any CPU
		{1049540E-67B8-4EE6-988F-97C20884409E}.Release|Any CPU.Build.0 = Release|Any CPU
		{8116DE87-EB39-408A-9A66-113E984579A3}.Debug|Any CPU.ActiveCfg = Debug|Any CPU
		{8116DE87-EB39-408A-9A66-113E984579A3}.Debug|Any CPU.Build.0 = Debug|Any CPU
		{8116DE87-EB39-408A-9A66-113E984579A3}.Release|Any CPU.ActiveCfg = Release|Any CPU
		{8116DE87-EB39-408A-9A66-113E984579A3}.Release|Any CPU.Build.0 = Release|Any CPU
		{F7F5DF2F-CF1E-4C2A-8A10-ABB1708E00AA}.Debug|Any CPU.ActiveCfg = Debug|Any CPU
		{F7F5DF2F-CF1E-4C2A-8A10-ABB1708E00AA}.Debug|Any CPU.Build.0 = Debug|Any CPU
		{F7F5DF2F-CF1E-4C2A-8A10-ABB1708E00AA}.Release|Any CPU.ActiveCfg = Release|Any CPU
		{F7F5DF2F-CF1E-4C2A-8A10-ABB1708E00AA}.Release|Any CPU.Build.0 = Release|Any CPU
		{D078649E-93BB-4D26-8792-2986A4A57A2A}.Debug|Any CPU.ActiveCfg = Debug|Any CPU
		{D078649E-93BB-4D26-8792-2986A4A57A2A}.Debug|Any CPU.Build.0 = Debug|Any CPU
		{D078649E-93BB-4D26-8792-2986A4A57A2A}.Release|Any CPU.ActiveCfg = Release|Any CPU
		{D078649E-93BB-4D26-8792-2986A4A57A2A}.Release|Any CPU.Build.0 = Release|Any CPU
		{AC397F4C-588D-4B42-B7A6-E38345D4405D}.Debug|Any CPU.ActiveCfg = Debug|Any CPU
		{AC397F4C-588D-4B42-B7A6-E38345D4405D}.Debug|Any CPU.Build.0 = Debug|Any CPU
		{AC397F4C-588D-4B42-B7A6-E38345D4405D}.Release|Any CPU.ActiveCfg = Release|Any CPU
		{AC397F4C-588D-4B42-B7A6-E38345D4405D}.Release|Any CPU.Build.0 = Release|Any CPU
		{A3AFA0FD-CFE1-484E-87C8-381D24B62C9D}.Debug|Any CPU.ActiveCfg = Debug|Any CPU
		{A3AFA0FD-CFE1-484E-87C8-381D24B62C9D}.Debug|Any CPU.Build.0 = Debug|Any CPU
		{A3AFA0FD-CFE1-484E-87C8-381D24B62C9D}.Release|Any CPU.ActiveCfg = Release|Any CPU
		{A3AFA0FD-CFE1-484E-87C8-381D24B62C9D}.Release|Any CPU.Build.0 = Release|Any CPU
		{82B2D3CA-8E05-4604-927B-4992C81233F7}.Debug|Any CPU.ActiveCfg = Debug|Any CPU
		{82B2D3CA-8E05-4604-927B-4992C81233F7}.Debug|Any CPU.Build.0 = Debug|Any CPU
		{82B2D3CA-8E05-4604-927B-4992C81233F7}.Release|Any CPU.ActiveCfg = Release|Any CPU
		{82B2D3CA-8E05-4604-927B-4992C81233F7}.Release|Any CPU.Build.0 = Release|Any CPU
		{3CD5BCEC-7FB8-4106-BEFD-176E772B2A0B}.Debug|Any CPU.ActiveCfg = Debug|Any CPU
		{3CD5BCEC-7FB8-4106-BEFD-176E772B2A0B}.Debug|Any CPU.Build.0 = Debug|Any CPU
		{3CD5BCEC-7FB8-4106-BEFD-176E772B2A0B}.Release|Any CPU.ActiveCfg = Release|Any CPU
		{3CD5BCEC-7FB8-4106-BEFD-176E772B2A0B}.Release|Any CPU.Build.0 = Release|Any CPU
		{B0AF2ED4-EE90-40C5-B265-836D6A9CEDB0}.Debug|Any CPU.ActiveCfg = Debug|Any CPU
		{B0AF2ED4-EE90-40C5-B265-836D6A9CEDB0}.Debug|Any CPU.Build.0 = Debug|Any CPU
		{B0AF2ED4-EE90-40C5-B265-836D6A9CEDB0}.Release|Any CPU.ActiveCfg = Release|Any CPU
		{B0AF2ED4-EE90-40C5-B265-836D6A9CEDB0}.Release|Any CPU.Build.0 = Release|Any CPU
		{A0D37D5B-86B7-4481-A4AC-1EB4BA693BC5}.Debug|Any CPU.ActiveCfg = Debug|Any CPU
		{A0D37D5B-86B7-4481-A4AC-1EB4BA693BC5}.Debug|Any CPU.Build.0 = Debug|Any CPU
		{A0D37D5B-86B7-4481-A4AC-1EB4BA693BC5}.Release|Any CPU.ActiveCfg = Release|Any CPU
		{A0D37D5B-86B7-4481-A4AC-1EB4BA693BC5}.Release|Any CPU.Build.0 = Release|Any CPU
	EndGlobalSection
	GlobalSection(SolutionProperties) = preSolution
		HideSolutionNode = FALSE
	EndGlobalSection
	GlobalSection(ExtensibilityGlobals) = postSolution
		SolutionGuid = {E7BABCA0-72CB-4A2A-947E-06DE1316BA2C}
	EndGlobalSection
EndGlobal
