
Microsoft Visual Studio Solution File, Format Version 12.00
# Visual Studio Version 17
VisualStudioVersion = 17.5.002.0
MinimumVisualStudioVersion = 10.0.40219.1
Project("{9A19103F-16F7-4668-BE54-9A1E7A4F7556}") = "Lesson1", "Lesson1\Lesson1.csproj", "{D3F411C8-AC80-4F86-B70A-24D63A274183}"
EndProject
Project("{9A19103F-16F7-4668-BE54-9A1E7A4F7556}") = "Lesson1-2", "Lesson1-2\Lesson1-2.csproj", "{12579E0D-882A-48F1-999D-500CE405DD0B}"
EndProject
Project("{9A19103F-16F7-4668-BE54-9A1E7A4F7556}") = "Lesson1-3", "Lesson1-3\Lesson1-3.csproj", "{2C627DCE-DFD8-4E76-AF0E-974C9FE1DD61}"
EndProject
Project("{9A19103F-16F7-4668-BE54-9A1E7A4F7556}") = "Lesson1-4", "Lesson1-4\Lesson1-4.csproj", "{D80918B8-8E4C-43D9-9F65-2C92B8F08055}"
EndProject
Project("{9A19103F-16F7-4668-BE54-9A1E7A4F7556}") = "Lesson1-5", "Lesson1-5\Lesson1-5.csproj", "{A4F7CD70-5B64-4D04-808A-B6BBAB5B04F7}"
EndProject
Project("{9A19103F-16F7-4668-BE54-9A1E7A4F7556}") = "Lesson1-6", "Lesson1-6\Lesson1-6.csproj", "{5B6B0FA4-7FF8-4FD1-8F72-938184698744}"
EndProject
Project("{9A19103F-16F7-4668-BE54-9A1E7A4F7556}") = "Lesson1-7", "Lesson1-7\Lesson1-7.csproj", "{41CC7ADB-BE10-4AA2-A04A-4F0A26A7B065}"
EndProject
Project("{9A19103F-16F7-4668-BE54-9A1E7A4F7556}") = "Lesson1-task4", "Lesson1-task4\Lesson1-task4.csproj", "{C70AE457-7BBE-4122-8112-B384E7EFC8B3}"
EndProject
Project("{9A19103F-16F7-4668-BE54-9A1E7A4F7556}") = "Seminar1-0", "Seminar1-0\Seminar1-0.csproj", "{076B04CA-A4FB-41CE-83FB-E30A28BB722F}"
EndProject
Project("{9A19103F-16F7-4668-BE54-9A1E7A4F7556}") = "Seminar1-task1", "Seminar1-task1\Seminar1-task1.csproj", "{FBF98494-08BB-4165-8B6D-2383D7F46D50}"
EndProject
Project("{9A19103F-16F7-4668-BE54-9A1E7A4F7556}") = "Seminar1-task2", "Seminar1-task2\Seminar1-task2.csproj", "{45EA27FD-7522-40E0-952E-47693F222FB9}"
EndProject
Project("{9A19103F-16F7-4668-BE54-9A1E7A4F7556}") = "Seminar1-task3", "Seminar1-task3\Seminar1-task3.csproj", "{16E3B1B0-51C0-4571-B0B7-8AEF7EEBA913}"
EndProject
Project("{9A19103F-16F7-4668-BE54-9A1E7A4F7556}") = "Seminar1-task4", "Seminar1-task4\Seminar1-task4.csproj", "{D653CD39-91ED-4D65-A224-45C9B74CC9AE}"
EndProject
Global
	GlobalSection(SolutionConfigurationPlatforms) = preSolution
		Debug|Any CPU = Debug|Any CPU
		Release|Any CPU = Release|Any CPU
	EndGlobalSection
	GlobalSection(ProjectConfigurationPlatforms) = postSolution
		{D3F411C8-AC80-4F86-B70A-24D63A274183}.Debug|Any CPU.ActiveCfg = Debug|Any CPU
		{D3F411C8-AC80-4F86-B70A-24D63A274183}.Debug|Any CPU.Build.0 = Debug|Any CPU
		{D3F411C8-AC80-4F86-B70A-24D63A274183}.Release|Any CPU.ActiveCfg = Release|Any CPU
		{D3F411C8-AC80-4F86-B70A-24D63A274183}.Release|Any CPU.Build.0 = Release|Any CPU
		{12579E0D-882A-48F1-999D-500CE405DD0B}.Debug|Any CPU.ActiveCfg = Debug|Any CPU
		{12579E0D-882A-48F1-999D-500CE405DD0B}.Debug|Any CPU.Build.0 = Debug|Any CPU
		{12579E0D-882A-48F1-999D-500CE405DD0B}.Release|Any CPU.ActiveCfg = Release|Any CPU
		{12579E0D-882A-48F1-999D-500CE405DD0B}.Release|Any CPU.Build.0 = Release|Any CPU
		{2C627DCE-DFD8-4E76-AF0E-974C9FE1DD61}.Debug|Any CPU.ActiveCfg = Debug|Any CPU
		{2C627DCE-DFD8-4E76-AF0E-974C9FE1DD61}.Debug|Any CPU.Build.0 = Debug|Any CPU
		{2C627DCE-DFD8-4E76-AF0E-974C9FE1DD61}.Release|Any CPU.ActiveCfg = Release|Any CPU
		{2C627DCE-DFD8-4E76-AF0E-974C9FE1DD61}.Release|Any CPU.Build.0 = Release|Any CPU
		{D80918B8-8E4C-43D9-9F65-2C92B8F08055}.Debug|Any CPU.ActiveCfg = Debug|Any CPU
		{D80918B8-8E4C-43D9-9F65-2C92B8F08055}.Debug|Any CPU.Build.0 = Debug|Any CPU
		{D80918B8-8E4C-43D9-9F65-2C92B8F08055}.Release|Any CPU.ActiveCfg = Release|Any CPU
		{D80918B8-8E4C-43D9-9F65-2C92B8F08055}.Release|Any CPU.Build.0 = Release|Any CPU
		{A4F7CD70-5B64-4D04-808A-B6BBAB5B04F7}.Debug|Any CPU.ActiveCfg = Debug|Any CPU
		{A4F7CD70-5B64-4D04-808A-B6BBAB5B04F7}.Debug|Any CPU.Build.0 = Debug|Any CPU
		{A4F7CD70-5B64-4D04-808A-B6BBAB5B04F7}.Release|Any CPU.ActiveCfg = Release|Any CPU
		{A4F7CD70-5B64-4D04-808A-B6BBAB5B04F7}.Release|Any CPU.Build.0 = Release|Any CPU
		{5B6B0FA4-7FF8-4FD1-8F72-938184698744}.Debug|Any CPU.ActiveCfg = Debug|Any CPU
		{5B6B0FA4-7FF8-4FD1-8F72-938184698744}.Debug|Any CPU.Build.0 = Debug|Any CPU
		{5B6B0FA4-7FF8-4FD1-8F72-938184698744}.Release|Any CPU.ActiveCfg = Release|Any CPU
		{5B6B0FA4-7FF8-4FD1-8F72-938184698744}.Release|Any CPU.Build.0 = Release|Any CPU
		{41CC7ADB-BE10-4AA2-A04A-4F0A26A7B065}.Debug|Any CPU.ActiveCfg = Debug|Any CPU
		{41CC7ADB-BE10-4AA2-A04A-4F0A26A7B065}.Debug|Any CPU.Build.0 = Debug|Any CPU
		{41CC7ADB-BE10-4AA2-A04A-4F0A26A7B065}.Release|Any CPU.ActiveCfg = Release|Any CPU
		{41CC7ADB-BE10-4AA2-A04A-4F0A26A7B065}.Release|Any CPU.Build.0 = Release|Any CPU
		{C70AE457-7BBE-4122-8112-B384E7EFC8B3}.Debug|Any CPU.ActiveCfg = Debug|Any CPU
		{C70AE457-7BBE-4122-8112-B384E7EFC8B3}.Debug|Any CPU.Build.0 = Debug|Any CPU
		{C70AE457-7BBE-4122-8112-B384E7EFC8B3}.Release|Any CPU.ActiveCfg = Release|Any CPU
		{C70AE457-7BBE-4122-8112-B384E7EFC8B3}.Release|Any CPU.Build.0 = Release|Any CPU
		{076B04CA-A4FB-41CE-83FB-E30A28BB722F}.Debug|Any CPU.ActiveCfg = Debug|Any CPU
		{076B04CA-A4FB-41CE-83FB-E30A28BB722F}.Debug|Any CPU.Build.0 = Debug|Any CPU
		{076B04CA-A4FB-41CE-83FB-E30A28BB722F}.Release|Any CPU.ActiveCfg = Release|Any CPU
		{076B04CA-A4FB-41CE-83FB-E30A28BB722F}.Release|Any CPU.Build.0 = Release|Any CPU
		{FBF98494-08BB-4165-8B6D-2383D7F46D50}.Debug|Any CPU.ActiveCfg = Debug|Any CPU
		{FBF98494-08BB-4165-8B6D-2383D7F46D50}.Debug|Any CPU.Build.0 = Debug|Any CPU
		{FBF98494-08BB-4165-8B6D-2383D7F46D50}.Release|Any CPU.ActiveCfg = Release|Any CPU
		{FBF98494-08BB-4165-8B6D-2383D7F46D50}.Release|Any CPU.Build.0 = Release|Any CPU
		{45EA27FD-7522-40E0-952E-47693F222FB9}.Debug|Any CPU.ActiveCfg = Debug|Any CPU
		{45EA27FD-7522-40E0-952E-47693F222FB9}.Debug|Any CPU.Build.0 = Debug|Any CPU
		{45EA27FD-7522-40E0-952E-47693F222FB9}.Release|Any CPU.ActiveCfg = Release|Any CPU
		{45EA27FD-7522-40E0-952E-47693F222FB9}.Release|Any CPU.Build.0 = Release|Any CPU
		{16E3B1B0-51C0-4571-B0B7-8AEF7EEBA913}.Debug|Any CPU.ActiveCfg = Debug|Any CPU
		{16E3B1B0-51C0-4571-B0B7-8AEF7EEBA913}.Debug|Any CPU.Build.0 = Debug|Any CPU
		{16E3B1B0-51C0-4571-B0B7-8AEF7EEBA913}.Release|Any CPU.ActiveCfg = Release|Any CPU
		{16E3B1B0-51C0-4571-B0B7-8AEF7EEBA913}.Release|Any CPU.Build.0 = Release|Any CPU
		{D653CD39-91ED-4D65-A224-45C9B74CC9AE}.Debug|Any CPU.ActiveCfg = Debug|Any CPU
		{D653CD39-91ED-4D65-A224-45C9B74CC9AE}.Debug|Any CPU.Build.0 = Debug|Any CPU
		{D653CD39-91ED-4D65-A224-45C9B74CC9AE}.Release|Any CPU.ActiveCfg = Release|Any CPU
		{D653CD39-91ED-4D65-A224-45C9B74CC9AE}.Release|Any CPU.Build.0 = Release|Any CPU
	EndGlobalSection
	GlobalSection(SolutionProperties) = preSolution
		HideSolutionNode = FALSE
	EndGlobalSection
	GlobalSection(ExtensibilityGlobals) = postSolution
		SolutionGuid = {BC90555E-39DF-4666-8DCA-BA9B63976B08}
	EndGlobalSection
EndGlobal
